// !$*UTF8*$!
{
	archiveVersion = 1;
	classes = {
	};
	objectVersion = 51;
	objects = {

/* Begin PBXBuildFile section */
		708B49D823D8C06A00BE0441 /* AppDelegate.swift in Sources */ = {isa = PBXBuildFile; fileRef = 708B49D723D8C06A00BE0441 /* AppDelegate.swift */; };
		708B49DA23D8C06A00BE0441 /* SceneDelegate.swift in Sources */ = {isa = PBXBuildFile; fileRef = 708B49D923D8C06A00BE0441 /* SceneDelegate.swift */; };
		708B49DC23D8C06A00BE0441 /* ViewController.swift in Sources */ = {isa = PBXBuildFile; fileRef = 708B49DB23D8C06A00BE0441 /* ViewController.swift */; };
		708B49DF23D8C06A00BE0441 /* Main.storyboard in Resources */ = {isa = PBXBuildFile; fileRef = 708B49DD23D8C06A00BE0441 /* Main.storyboard */; };
		708B49E123D8C06B00BE0441 /* Assets.xcassets in Resources */ = {isa = PBXBuildFile; fileRef = 708B49E023D8C06B00BE0441 /* Assets.xcassets */; };
		708B49E423D8C06B00BE0441 /* LaunchScreen.storyboard in Resources */ = {isa = PBXBuildFile; fileRef = 708B49E223D8C06B00BE0441 /* LaunchScreen.storyboard */; };
		708B49EF23D8D68E00BE0441 /* clustering.xcassets in Resources */ = {isa = PBXBuildFile; fileRef = 708B49ED23D8D68E00BE0441 /* clustering.xcassets */; };
		70E4E90C23E1E6E00017E1A7 /* GoogleService-Info.plist in Resources */ = {isa = PBXBuildFile; fileRef = 70E4E90B23E1E6E00017E1A7 /* GoogleService-Info.plist */; };
		FD53279F263D5D7578654A71 /* Pods_Map_Marker_Test.framework in Frameworks */ = {isa = PBXBuildFile; fileRef = 0F17BD1F304738339AC0359A /* Pods_Map_Marker_Test.framework */; };
/* End PBXBuildFile section */

/* Begin PBXFileReference section */
		0F17BD1F304738339AC0359A /* Pods_Map_Marker_Test.framework */ = {isa = PBXFileReference; explicitFileType = wrapper.framework; includeInIndex = 0; path = Pods_Map_Marker_Test.framework; sourceTree = BUILT_PRODUCTS_DIR; };
		708B49D423D8C06A00BE0441 /* Map_Marker_Test.app */ = {isa = PBXFileReference; explicitFileType = wrapper.application; includeInIndex = 0; path = Map_Marker_Test.app; sourceTree = BUILT_PRODUCTS_DIR; };
		708B49D723D8C06A00BE0441 /* AppDelegate.swift */ = {isa = PBXFileReference; lastKnownFileType = sourcecode.swift; path = AppDelegate.swift; sourceTree = "<group>"; };
		708B49D923D8C06A00BE0441 /* SceneDelegate.swift */ = {isa = PBXFileReference; lastKnownFileType = sourcecode.swift; path = SceneDelegate.swift; sourceTree = "<group>"; };
		708B49DB23D8C06A00BE0441 /* ViewController.swift */ = {isa = PBXFileReference; lastKnownFileType = sourcecode.swift; path = ViewController.swift; sourceTree = "<group>"; };
		708B49DE23D8C06A00BE0441 /* Base */ = {isa = PBXFileReference; lastKnownFileType = file.storyboard; name = Base; path = Base.lproj/Main.storyboard; sourceTree = "<group>"; };
		708B49E023D8C06B00BE0441 /* Assets.xcassets */ = {isa = PBXFileReference; lastKnownFileType = folder.assetcatalog; path = Assets.xcassets; sourceTree = "<group>"; };
		708B49E323D8C06B00BE0441 /* Base */ = {isa = PBXFileReference; lastKnownFileType = file.storyboard; name = Base; path = Base.lproj/LaunchScreen.storyboard; sourceTree = "<group>"; };
		708B49E523D8C06B00BE0441 /* Info.plist */ = {isa = PBXFileReference; lastKnownFileType = text.plist.xml; path = Info.plist; sourceTree = "<group>"; };
		708B49ED23D8D68E00BE0441 /* clustering.xcassets */ = {isa = PBXFileReference; lastKnownFileType = folder.assetcatalog; name = clustering.xcassets; path = "../../../../Downloads/cluster-images/clustering.xcassets"; sourceTree = "<group>"; };
		70E4E90B23E1E6E00017E1A7 /* GoogleService-Info.plist */ = {isa = PBXFileReference; fileEncoding = 4; lastKnownFileType = text.plist.xml; name = "GoogleService-Info.plist"; path = "../../../../Desktop/GoogleService-Info.plist"; sourceTree = "<group>"; };
		A74E33D60819227DDDA135C8 /* Pods-Map_Marker_Test.release.xcconfig */ = {isa = PBXFileReference; includeInIndex = 1; lastKnownFileType = text.xcconfig; name = "Pods-Map_Marker_Test.release.xcconfig"; path = "Target Support Files/Pods-Map_Marker_Test/Pods-Map_Marker_Test.release.xcconfig"; sourceTree = "<group>"; };
		F64D50894525264D52E20E7E /* Pods-Map_Marker_Test.debug.xcconfig */ = {isa = PBXFileReference; includeInIndex = 1; lastKnownFileType = text.xcconfig; name = "Pods-Map_Marker_Test.debug.xcconfig"; path = "Target Support Files/Pods-Map_Marker_Test/Pods-Map_Marker_Test.debug.xcconfig"; sourceTree = "<group>"; };
/* End PBXFileReference section */

/* Begin PBXFrameworksBuildPhase section */
		708B49D123D8C06A00BE0441 /* Frameworks */ = {
			isa = PBXFrameworksBuildPhase;
			buildActionMask = 2147483647;
			files = (
				FD53279F263D5D7578654A71 /* Pods_Map_Marker_Test.framework in Frameworks */,
			);
			runOnlyForDeploymentPostprocessing = 0;
		};
/* End PBXFrameworksBuildPhase section */

/* Begin PBXGroup section */
		708B49CB23D8C06A00BE0441 = {
			isa = PBXGroup;
			children = (
				708B49D623D8C06A00BE0441 /* Map_Marker_Test */,
				708B49D523D8C06A00BE0441 /* Products */,
				8F087171F393463FFD7DDBF5 /* Pods */,
				77E0970864BDA2AD9D5AE024 /* Frameworks */,
			);
			sourceTree = "<group>";
		};
		708B49D523D8C06A00BE0441 /* Products */ = {
			isa = PBXGroup;
			children = (
				708B49D423D8C06A00BE0441 /* Map_Marker_Test.app */,
			);
			name = Products;
			sourceTree = "<group>";
		};
		708B49D623D8C06A00BE0441 /* Map_Marker_Test */ = {
			isa = PBXGroup;
			children = (
				708B49D723D8C06A00BE0441 /* AppDelegate.swift */,
				708B49D923D8C06A00BE0441 /* SceneDelegate.swift */,
				708B49DB23D8C06A00BE0441 /* ViewController.swift */,
				708B49DD23D8C06A00BE0441 /* Main.storyboard */,
				708B49E023D8C06B00BE0441 /* Assets.xcassets */,
				708B49ED23D8D68E00BE0441 /* clustering.xcassets */,
				708B49E223D8C06B00BE0441 /* LaunchScreen.storyboard */,
				708B49E523D8C06B00BE0441 /* Info.plist */,
				70E4E90B23E1E6E00017E1A7 /* GoogleService-Info.plist */,
			);
			path = Map_Marker_Test;
			sourceTree = "<group>";
		};
		77E0970864BDA2AD9D5AE024 /* Frameworks */ = {
			isa = PBXGroup;
			children = (
				0F17BD1F304738339AC0359A /* Pods_Map_Marker_Test.framework */,
			);
			name = Frameworks;
			sourceTree = "<group>";
		};
		8F087171F393463FFD7DDBF5 /* Pods */ = {
			isa = PBXGroup;
			children = (
				F64D50894525264D52E20E7E /* Pods-Map_Marker_Test.debug.xcconfig */,
				A74E33D60819227DDDA135C8 /* Pods-Map_Marker_Test.release.xcconfig */,
			);
			path = Pods;
			sourceTree = "<group>";
		};
/* End PBXGroup section */

/* Begin PBXNativeTarget section */
		708B49D323D8C06A00BE0441 /* Map_Marker_Test */ = {
			isa = PBXNativeTarget;
			buildConfigurationList = 708B49E823D8C06B00BE0441 /* Build configuration list for PBXNativeTarget "Map_Marker_Test" */;
			buildPhases = (
				DA70F544330505D0B3E3704B /* [CP] Check Pods Manifest.lock */,
				708B49D023D8C06A00BE0441 /* Sources */,
				708B49D123D8C06A00BE0441 /* Frameworks */,
				708B49D223D8C06A00BE0441 /* Resources */,
				24CC040E449AE136FA97CF3D /* [CP] Embed Pods Frameworks */,
			);
			buildRules = (
			);
			dependencies = (
			);
			name = Map_Marker_Test;
			productName = Map_Marker_Test;
			productReference = 708B49D423D8C06A00BE0441 /* Map_Marker_Test.app */;
			productType = "com.apple.product-type.application";
		};
/* End PBXNativeTarget section */

/* Begin PBXProject section */
		708B49CC23D8C06A00BE0441 /* Project object */ = {
			isa = PBXProject;
			attributes = {
				LastSwiftUpdateCheck = 1130;
				LastUpgradeCheck = 1130;
				ORGANIZATIONNAME = "Michael Christie";
				TargetAttributes = {
					708B49D323D8C06A00BE0441 = {
						CreatedOnToolsVersion = 11.3;
					};
				};
			};
			buildConfigurationList = 708B49CF23D8C06A00BE0441 /* Build configuration list for PBXProject "Map_Marker_Test" */;
			compatibilityVersion = "Xcode 9.3";
			developmentRegion = en;
			hasScannedForEncodings = 0;
			knownRegions = (
				en,
				Base,
			);
			mainGroup = 708B49CB23D8C06A00BE0441;
			productRefGroup = 708B49D523D8C06A00BE0441 /* Products */;
			projectDirPath = "";
			projectRoot = "";
			targets = (
				708B49D323D8C06A00BE0441 /* Map_Marker_Test */,
			);
		};
/* End PBXProject section */

/* Begin PBXResourcesBuildPhase section */
		708B49D223D8C06A00BE0441 /* Resources */ = {
			isa = PBXResourcesBuildPhase;
			buildActionMask = 2147483647;
			files = (
				708B49E423D8C06B00BE0441 /* LaunchScreen.storyboard in Resources */,
				708B49E123D8C06B00BE0441 /* Assets.xcassets in Resources */,
				70E4E90C23E1E6E00017E1A7 /* GoogleService-Info.plist in Resources */,
				708B49DF23D8C06A00BE0441 /* Main.storyboard in Resources */,
				708B49EF23D8D68E00BE0441 /* clustering.xcassets in Resources */,
			);
			runOnlyForDeploymentPostprocessing = 0;
		};
/* End PBXResourcesBuildPhase section */

/* Begin PBXShellScriptBuildPhase section */
		24CC040E449AE136FA97CF3D /* [CP] Embed Pods Frameworks */ = {
			isa = PBXShellScriptBuildPhase;
			buildActionMask = 2147483647;
			files = (
			);
			inputFileListPaths = (
				"${PODS_ROOT}/Target Support Files/Pods-Map_Marker_Test/Pods-Map_Marker_Test-frameworks-${CONFIGURATION}-input-files.xcfilelist",
			);
			name = "[CP] Embed Pods Frameworks";
			outputFileListPaths = (
				"${PODS_ROOT}/Target Support Files/Pods-Map_Marker_Test/Pods-Map_Marker_Test-frameworks-${CONFIGURATION}-output-files.xcfilelist",
			);
			runOnlyForDeploymentPostprocessing = 0;
			shellPath = /bin/sh;
			shellScript = "\"${PODS_ROOT}/Target Support Files/Pods-Map_Marker_Test/Pods-Map_Marker_Test-frameworks.sh\"\n";
			showEnvVarsInLog = 0;
		};
		DA70F544330505D0B3E3704B /* [CP] Check Pods Manifest.lock */ = {
			isa = PBXShellScriptBuildPhase;
			buildActionMask = 2147483647;
			files = (
			);
			inputFileListPaths = (
			);
			inputPaths = (
				"${PODS_PODFILE_DIR_PATH}/Podfile.lock",
				"${PODS_ROOT}/Manifest.lock",
			);
			name = "[CP] Check Pods Manifest.lock";
			outputFileListPaths = (
			);
			outputPaths = (
				"$(DERIVED_FILE_DIR)/Pods-Map_Marker_Test-checkManifestLockResult.txt",
			);
			runOnlyForDeploymentPostprocessing = 0;
			shellPath = /bin/sh;
			shellScript = "diff \"${PODS_PODFILE_DIR_PATH}/Podfile.lock\" \"${PODS_ROOT}/Manifest.lock\" > /dev/null\nif [ $? != 0 ] ; then\n    # print error to STDERR\n    echo \"error: The sandbox is not in sync with the Podfile.lock. Run 'pod install' or update your CocoaPods installation.\" >&2\n    exit 1\nfi\n# This output is used by Xcode 'outputs' to avoid re-running this script phase.\necho \"SUCCESS\" > \"${SCRIPT_OUTPUT_FILE_0}\"\n";
			showEnvVarsInLog = 0;
		};
/* End PBXShellScriptBuildPhase section */

/* Begin PBXSourcesBuildPhase section */
		708B49D023D8C06A00BE0441 /* Sources */ = {
			isa = PBXSourcesBuildPhase;
			buildActionMask = 2147483647;
			files = (
				708B49DC23D8C06A00BE0441 /* ViewController.swift in Sources */,
				708B49D823D8C06A00BE0441 /* AppDelegate.swift in Sources */,
				708B49DA23D8C06A00BE0441 /* SceneDelegate.swift in Sources */,
			);
			runOnlyForDeploymentPostprocessing = 0;
		};
/* End PBXSourcesBuildPhase section */

/* Begin PBXVariantGroup section */
		708B49DD23D8C06A00BE0441 /* Main.storyboard */ = {
			isa = PBXVariantGroup;
			children = (
				708B49DE23D8C06A00BE0441 /* Base */,
			);
			name = Main.storyboard;
			sourceTree = "<group>";
		};
		708B49E223D8C06B00BE0441 /* LaunchScreen.storyboard */ = {
			isa = PBXVariantGroup;
			children = (
				708B49E323D8C06B00BE0441 /* Base */,
			);
			name = LaunchScreen.storyboard;
			sourceTree = "<group>";
		};
/* End PBXVariantGroup section */

/* Begin XCBuildConfiguration section */
		708B49E623D8C06B00BE0441 /* Debug */ = {
			isa = XCBuildConfiguration;
			buildSettings = {
				ALWAYS_SEARCH_USER_PATHS = NO;
				CLANG_ANALYZER_NONNULL = YES;
				CLANG_ANALYZER_NUMBER_OBJECT_CONVERSION = YES_AGGRESSIVE;
				CLANG_CXX_LANGUAGE_STANDARD = "gnu++14";
				CLANG_CXX_LIBRARY = "libc++";
				CLANG_ENABLE_MODULES = YES;
				CLANG_ENABLE_OBJC_ARC = YES;
				CLANG_ENABLE_OBJC_WEAK = YES;
				CLANG_WARN_BLOCK_CAPTURE_AUTORELEASING = YES;
				CLANG_WARN_BOOL_CONVERSION = YES;
				CLANG_WARN_COMMA = YES;
				CLANG_WARN_CONSTANT_CONVERSION = YES;
				CLANG_WARN_DEPRECATED_OBJC_IMPLEMENTATIONS = YES;
				CLANG_WARN_DIRECT_OBJC_ISA_USAGE = YES_ERROR;
				CLANG_WARN_DOCUMENTATION_COMMENTS = YES;
				CLANG_WARN_EMPTY_BODY = YES;
				CLANG_WARN_ENUM_CONVERSION = YES;
				CLANG_WARN_INFINITE_RECURSION = YES;
				CLANG_WARN_INT_CONVERSION = YES;
				CLANG_WARN_NON_LITERAL_NULL_CONVERSION = YES;
				CLANG_WARN_OBJC_IMPLICIT_RETAIN_SELF = YES;
				CLANG_WARN_OBJC_LITERAL_CONVERSION = YES;
				CLANG_WARN_OBJC_ROOT_CLASS = YES_ERROR;
				CLANG_WARN_RANGE_LOOP_ANALYSIS = YES;
				CLANG_WARN_STRICT_PROTOTYPES = YES;
				CLANG_WARN_SUSPICIOUS_MOVE = YES;
				CLANG_WARN_UNGUARDED_AVAILABILITY = YES_AGGRESSIVE;
				CLANG_WARN_UNREACHABLE_CODE = YES;
				CLANG_WARN__DUPLICATE_METHOD_MATCH = YES;
				COPY_PHASE_STRIP = NO;
				DEBUG_INFORMATION_FORMAT = dwarf;
				ENABLE_STRICT_OBJC_MSGSEND = YES;
				ENABLE_TESTABILITY = YES;
				GCC_C_LANGUAGE_STANDARD = gnu11;
				GCC_DYNAMIC_NO_PIC = NO;
				GCC_NO_COMMON_BLOCKS = YES;
				GCC_OPTIMIZATION_LEVEL = 0;
				GCC_PREPROCESSOR_DEFINITIONS = (
					"DEBUG=1",
					"$(inherited)",
				);
				GCC_WARN_64_TO_32_BIT_CONVERSION = YES;
				GCC_WARN_ABOUT_RETURN_TYPE = YES_ERROR;
				GCC_WARN_UNDECLARED_SELECTOR = YES;
				GCC_WARN_UNINITIALIZED_AUTOS = YES_AGGRESSIVE;
				GCC_WARN_UNUSED_FUNCTION = YES;
				GCC_WARN_UNUSED_VARIABLE = YES;
				IPHONEOS_DEPLOYMENT_TARGET = 13.2;
				MTL_ENABLE_DEBUG_INFO = INCLUDE_SOURCE;
				MTL_FAST_MATH = YES;
				ONLY_ACTIVE_ARCH = YES;
				SDKROOT = iphoneos;
				SWIFT_ACTIVE_COMPILATION_CONDITIONS = DEBUG;
				SWIFT_OPTIMIZATION_LEVEL = "-Onone";
			};
			name = Debug;
		};
		708B49E723D8C06B00BE0441 /* Release */ = {
			isa = XCBuildConfiguration;
			buildSettings = {
				ALWAYS_SEARCH_USER_PATHS = NO;
				CLANG_ANALYZER_NONNULL = YES;
				CLANG_ANALYZER_NUMBER_OBJECT_CONVERSION = YES_AGGRESSIVE;
				CLANG_CXX_LANGUAGE_STANDARD = "gnu++14";
				CLANG_CXX_LIBRARY = "libc++";
				CLANG_ENABLE_MODULES = YES;
				CLANG_ENABLE_OBJC_ARC = YES;
				CLANG_ENABLE_OBJC_WEAK = YES;
				CLANG_WARN_BLOCK_CAPTURE_AUTORELEASING = YES;
				CLANG_WARN_BOOL_CONVERSION = YES;
				CLANG_WARN_COMMA = YES;
				CLANG_WARN_CONSTANT_CONVERSION = YES;
				CLANG_WARN_DEPRECATED_OBJC_IMPLEMENTATIONS = YES;
				CLANG_WARN_DIRECT_OBJC_ISA_USAGE = YES_ERROR;
				CLANG_WARN_DOCUMENTATION_COMMENTS = YES;
				CLANG_WARN_EMPTY_BODY = YES;
				CLANG_WARN_ENUM_CONVERSION = YES;
				CLANG_WARN_INFINITE_RECURSION = YES;
				CLANG_WARN_INT_CONVERSION = YES;
				CLANG_WARN_NON_LITERAL_NULL_CONVERSION = YES;
				CLANG_WARN_OBJC_IMPLICIT_RETAIN_SELF = YES;
				CLANG_WARN_OBJC_LITERAL_CONVERSION = YES;
				CLANG_WARN_OBJC_ROOT_CLASS = YES_ERROR;
				CLANG_WARN_RANGE_LOOP_ANALYSIS = YES;
				CLANG_WARN_STRICT_PROTOTYPES = YES;
				CLANG_WARN_SUSPICIOUS_MOVE = YES;
				CLANG_WARN_UNGUARDED_AVAILABILITY = YES_AGGRESSIVE;
				CLANG_WARN_UNREACHABLE_CODE = YES;
				CLANG_WARN__DUPLICATE_METHOD_MATCH = YES;
				COPY_PHASE_STRIP = NO;
				DEBUG_INFORMATION_FORMAT = "dwarf-with-dsym";
				ENABLE_NS_ASSERTIONS = NO;
				ENABLE_STRICT_OBJC_MSGSEND = YES;
				GCC_C_LANGUAGE_STANDARD = gnu11;
				GCC_NO_COMMON_BLOCKS = YES;
				GCC_WARN_64_TO_32_BIT_CONVERSION = YES;
				GCC_WARN_ABOUT_RETURN_TYPE = YES_ERROR;
				GCC_WARN_UNDECLARED_SELECTOR = YES;
				GCC_WARN_UNINITIALIZED_AUTOS = YES_AGGRESSIVE;
				GCC_WARN_UNUSED_FUNCTION = YES;
				GCC_WARN_UNUSED_VARIABLE = YES;
				IPHONEOS_DEPLOYMENT_TARGET = 13.2;
				MTL_ENABLE_DEBUG_INFO = NO;
				MTL_FAST_MATH = YES;
				SDKROOT = iphoneos;
				SWIFT_COMPILATION_MODE = wholemodule;
				SWIFT_OPTIMIZATION_LEVEL = "-O";
				VALIDATE_PRODUCT = YES;
			};
			name = Release;
		};
		708B49E923D8C06B00BE0441 /* Debug */ = {
			isa = XCBuildConfiguration;
			baseConfigurationReference = F64D50894525264D52E20E7E /* Pods-Map_Marker_Test.debug.xcconfig */;
			buildSettings = {
				ASSETCATALOG_COMPILER_APPICON_NAME = AppIcon;
				CODE_SIGN_STYLE = Automatic;
				DEVELOPMENT_TEAM = SWH8KK7463;
				INFOPLIST_FILE = Map_Marker_Test/Info.plist;
				LD_RUNPATH_SEARCH_PATHS = (
					"$(inherited)",
					"@executable_path/Frameworks",
				);
				PRODUCT_BUNDLE_IDENTIFIER = "com.michaelchristie.Map-Marker-Test";
				PRODUCT_NAME = "$(TARGET_NAME)";
				SWIFT_VERSION = 5.0;
				TARGETED_DEVICE_FAMILY = "1,2";
			};
			name = Debug;
		};
		708B49EA23D8C06B00BE0441 /* Release */ = {
			isa = XCBuildConfiguration;
			baseConfigurationReference = A74E33D60819227DDDA135C8 /* Pods-Map_Marker_Test.release.xcconfig */;
			buildSettings = {
				ASSETCATALOG_COMPILER_APPICON_NAME = AppIcon;
				CODE_SIGN_STYLE = Automatic;
				DEVELOPMENT_TEAM = SWH8KK7463;
				INFOPLIST_FILE = Map_Marker_Test/Info.plist;
				LD_RUNPATH_SEARCH_PATHS = (
					"$(inherited)",
					"@executable_path/Frameworks",
				);
				PRODUCT_BUNDLE_IDENTIFIER = "com.michaelchristie.Map-Marker-Test";
				PRODUCT_NAME = "$(TARGET_NAME)";
				SWIFT_VERSION = 5.0;
				TARGETED_DEVICE_FAMILY = "1,2";
			};
			name = Release;
		};
/* End XCBuildConfiguration section */

/* Begin XCConfigurationList section */
		708B49CF23D8C06A00BE0441 /* Build configuration list for PBXProject "Map_Marker_Test" */ = {
			isa = XCConfigurationList;
			buildConfigurations = (
				708B49E623D8C06B00BE0441 /* Debug */,
				708B49E723D8C06B00BE0441 /* Release */,
			);
			defaultConfigurationIsVisible = 0;
			defaultConfigurationName = Release;
		};
		708B49E823D8C06B00BE0441 /* Build configuration list for PBXNativeTarget "Map_Marker_Test" */ = {
			isa = XCConfigurationList;
			buildConfigurations = (
				708B49E923D8C06B00BE0441 /* Debug */,
				708B49EA23D8C06B00BE0441 /* Release */,
			);
			defaultConfigurationIsVisible = 0;
			defaultConfigurationName = Release;
		};
/* End XCConfigurationList section */
	};
	rootObject = 708B49CC23D8C06A00BE0441 /* Project object */;
}
